
Microsoft Visual Studio Solution File, Format Version 12.00
# Visual Studio Version 17
VisualStudioVersion = 17.14.36109.1
MinimumVisualStudioVersion = 10.0.40219.1
Project("{FAE04EC0-301F-11D3-BF4B-00C04F79EFBC}") = "CoachBot", "CoachBot.csproj", "{47C0F86E-B6CA-48EC-97B1-9E65E7368BEA}"
EndProject
Global
	GlobalSection(SolutionConfigurationPlatforms) = preSolution
		Debug|Any CPU = Debug|Any CPU
		Release|Any CPU = Release|Any CPU
	EndGlobalSection
	GlobalSection(ProjectConfigurationPlatforms) = postSolution
		{47C0F86E-B6CA-48EC-97B1-9E65E7368BEA}.Debug|Any CPU.ActiveCfg = Debug|Any CPU
		{47C0F86E-B6CA-48EC-97B1-9E65E7368BEA}.Debug|Any CPU.Build.0 = Debug|Any CPU
		{47C0F86E-B6CA-48EC-97B1-9E65E7368BEA}.Release|Any CPU.ActiveCfg = Release|Any CPU
		{47C0F86E-B6CA-48EC-97B1-9E65E7368BEA}.Release|Any CPU.Build.0 = Release|Any CPU
	EndGlobalSection
	GlobalSection(SolutionProperties) = preSolution
		HideSolutionNode = FALSE
	EndGlobalSection
	GlobalSection(ExtensibilityGlobals) = postSolution
		SolutionGuid = {75912D53-D308-4EC9-AE0F-C0C3734A2831}
	EndGlobalSection
EndGlobal
